
Microsoft Visual Studio Solution File, Format Version 12.00
# Visual Studio Version 17
VisualStudioVersion = 17.4.33205.214
MinimumVisualStudioVersion = 10.0.40219.1
Project("{FAE04EC0-301F-11D3-BF4B-00C04F79EFBC}") = "DB1_AcmeInstituteofLooning", "DB1_AcmeInstituteofLooning.csproj", "{AA69C3A6-055A-4489-9FCB-2634DADC2913}"
EndProject
Global
	GlobalSection(SolutionConfigurationPlatforms) = preSolution
		Debug|Any CPU = Debug|Any CPU
		Release|Any CPU = Release|Any CPU
	EndGlobalSection
	GlobalSection(ProjectConfigurationPlatforms) = postSolution
		{AA69C3A6-055A-4489-9FCB-2634DADC2913}.Debug|Any CPU.ActiveCfg = Debug|Any CPU
		{AA69C3A6-055A-4489-9FCB-2634DADC2913}.Debug|Any CPU.Build.0 = Debug|Any CPU
		{AA69C3A6-055A-4489-9FCB-2634DADC2913}.Release|Any CPU.ActiveCfg = Release|Any CPU
		{AA69C3A6-055A-4489-9FCB-2634DADC2913}.Release|Any CPU.Build.0 = Release|Any CPU
	EndGlobalSection
	GlobalSection(SolutionProperties) = preSolution
		HideSolutionNode = FALSE
	EndGlobalSection
	GlobalSection(ExtensibilityGlobals) = postSolution
		SolutionGuid = {E0B27EAE-452C-4701-B0DF-DC1130A120E7}
	EndGlobalSection
EndGlobal
